
Microsoft Visual Studio Solution File, Format Version 12.00
# Visual Studio Version 16
VisualStudioVersion = 16.0.31911.196
MinimumVisualStudioVersion = 10.0.40219.1
Project("{FAE04EC0-301F-11D3-BF4B-00C04F79EFBC}") = "TestApplication4", "TestApplication4\TestApplication4.csproj", "{971E6DE3-295E-45CA-A12C-29B09C24D6A8}"
EndProject
Global
	GlobalSection(SolutionConfigurationPlatforms) = preSolution
		Debug|Any CPU = Debug|Any CPU
		Release|Any CPU = Release|Any CPU
	EndGlobalSection
	GlobalSection(ProjectConfigurationPlatforms) = postSolution
		{971E6DE3-295E-45CA-A12C-29B09C24D6A8}.Debug|Any CPU.ActiveCfg = Debug|Any CPU
		{971E6DE3-295E-45CA-A12C-29B09C24D6A8}.Debug|Any CPU.Build.0 = Debug|Any CPU
		{971E6DE3-295E-45CA-A12C-29B09C24D6A8}.Release|Any CPU.ActiveCfg = Release|Any CPU
		{971E6DE3-295E-45CA-A12C-29B09C24D6A8}.Release|Any CPU.Build.0 = Release|Any CPU
	EndGlobalSection
	GlobalSection(SolutionProperties) = preSolution
		HideSolutionNode = FALSE
	EndGlobalSection
	GlobalSection(ExtensibilityGlobals) = postSolution
		SolutionGuid = {5390AB62-EB76-4313-B28B-593E06C02A88}
	EndGlobalSection
EndGlobal
